# Generated by pub
# See http://pub.dartlang.org/doc/glossary.html#lockfile
packages:
  browser:
    description: browser
    source: hosted
    version: "0.10.0+2"
  ini:
    description: ini
    source: hosted
    version: "1.0.0"
  math_expressions:
    description: math_expressions
    source: hosted
    version: "0.1.0"
  vector_math:
    description: vector_math
    source: hosted
    version: "1.4.3"
